{
  "name": "Net1711_231_3_Exchange",
  "lockfileVersion": 3,
  "requires": true,
  "packages": {
    "": {
      "dependencies": {
        "@firebase/storage": "^0.12.5"
      }
    },
    "node_modules/@fastify/busboy": {
      "version": "2.1.1",
      "resolved": "https://registry.npmjs.org/@fastify/busboy/-/busboy-2.1.1.tgz",
      "integrity": "sha512-vBZP4NlzfOlerQTnba4aqZoMhE/a9HY7HRqoOPaETQcSQuWEIyZMHGfVu6w9wGtGK5fED5qRs2DteVCjOH60sA==",
      "engines": {
        "node": ">=14"
      }
    },
    "node_modules/@firebase/app": {
      "version": "0.10.5",
      "resolved": "https://registry.npmjs.org/@firebase/app/-/app-0.10.5.tgz",
      "integrity": "sha512-iY/fNot+hWPk9sTX8aHMqlcX9ynRvpGkskWAdUZ2eQQdLo8d1hSFYcYNwPv0Q/frGMasw8udKWMcFOEpC9fG8g==",
      "peer": true,
      "dependencies": {
        "@firebase/component": "0.6.7",
        "@firebase/logger": "0.4.2",
        "@firebase/util": "1.9.6",
        "idb": "7.1.1",
        "tslib": "^2.1.0"
      }
    },
    "node_modules/@firebase/component": {
      "version": "0.6.7",
      "resolved": "https://registry.npmjs.org/@firebase/component/-/component-0.6.7.tgz",
      "integrity": "sha512-baH1AA5zxfaz4O8w0vDwETByrKTQqB5CDjRls79Sa4eAGAoERw4Tnung7XbMl3jbJ4B/dmmtsMrdki0KikwDYA==",
      "dependencies": {
        "@firebase/util": "1.9.6",
        "tslib": "^2.1.0"
      }
    },
    "node_modules/@firebase/logger": {
      "version": "0.4.2",
      "resolved": "https://registry.npmjs.org/@firebase/logger/-/logger-0.4.2.tgz",
      "integrity": "sha512-Q1VuA5M1Gjqrwom6I6NUU4lQXdo9IAQieXlujeHZWvRt1b7qQ0KwBaNAjgxG27jgF9/mUwsNmO8ptBCGVYhB0A==",
      "peer": true,
      "dependencies": {
        "tslib": "^2.1.0"
      }
    },
    "node_modules/@firebase/storage": {
      "version": "0.12.5",
      "resolved": "https://registry.npmjs.org/@firebase/storage/-/storage-0.12.5.tgz",
      "integrity": "sha512-nGWBOGFNr10j0LA4NJ3/Yh3us/lb0Q1xSIKZ38N6FcS+vY54nqJ7k3zE3PENregHC8+8txRow++A568G3v8hOA==",
      "dependencies": {
        "@firebase/component": "0.6.7",
        "@firebase/util": "1.9.6",
        "tslib": "^2.1.0",
        "undici": "5.28.4"
      },
      "peerDependencies": {
        "@firebase/app": "0.x"
      }
    },
    "node_modules/@firebase/util": {
      "version": "1.9.6",
      "resolved": "https://registry.npmjs.org/@firebase/util/-/util-1.9.6.tgz",
      "integrity": "sha512-IBr1MZbp4d5MjBCXL3TW1dK/PDXX4yOGbiwRNh1oAbE/+ci5Uuvy9KIrsFYY80as1I0iOaD5oOMA9Q8j4TJWcw==",
      "dependencies": {
        "tslib": "^2.1.0"
      }
    },
    "node_modules/idb": {
      "version": "7.1.1",
      "resolved": "https://registry.npmjs.org/idb/-/idb-7.1.1.tgz",
      "integrity": "sha512-gchesWBzyvGHRO9W8tzUWFDycow5gwjvFKfyV9FF32Y7F50yZMp7mP+T2mJIWFx49zicqyC4uefHM17o6xKIVQ==",
      "peer": true
    },
    "node_modules/tslib": {
      "version": "2.6.3",
      "resolved": "https://registry.npmjs.org/tslib/-/tslib-2.6.3.tgz",
      "integrity": "sha512-xNvxJEOUiWPGhUuUdQgAJPKOOJfGnIyKySOc09XkKsgdUV/3E2zvwZYdejjmRgPCgcym1juLH3226yA7sEFJKQ=="
    },
    "node_modules/undici": {
      "version": "5.28.4",
      "resolved": "https://registry.npmjs.org/undici/-/undici-5.28.4.tgz",
      "integrity": "sha512-72RFADWFqKmUb2hmmvNODKL3p9hcB6Gt2DOQMis1SEBaV6a4MH8soBvzg+95CYhCKPFedut2JY9bMfrDl9D23g==",
      "dependencies": {
        "@fastify/busboy": "^2.0.0"
      },
      "engines": {
        "node": ">=14.0"
      }
    }
  }
}
